{
  "version": 4,
  "terraform_version": "1.3.6",
  "serial": 11,
  "lineage": "36bd3992-aefb-d247-cbcd-cd84b9c2c810",
  "outputs": {},
  "resources": [
    {
      "mode": "managed",
      "type": "azurerm_container_registry",
      "name": "acr",
      "provider": "provider[\"registry.terraform.io/hashicorp/azurerm\"]",
      "instances": [
        {
          "schema_version": 2,
          "attributes": {
            "admin_enabled": true,
            "admin_password": "/HrlbUuZ5smhc4JTIb6xPyuYLi+BT5LdvlB680h7XS+ACRAnSgsn",
            "admin_username": "oguzhanaydogan",
            "anonymous_pull_enabled": false,
            "data_endpoint_enabled": false,
            "encryption": [
              {
                "enabled": false,
                "identity_client_id": "",
                "key_vault_key_id": ""
              }
            ],
            "export_policy_enabled": true,
            "georeplications": [],
            "id": "/subscriptions/67882e92-6412-4fc5-b9ca-1030aa09d729/resourceGroups/rg1/providers/Microsoft.ContainerRegistry/registries/oguzhanaydogan",
            "identity": [],
            "location": "eastus",
            "login_server": "oguzhanaydogan.azurecr.io",
            "name": "oguzhanaydogan",
            "network_rule_bypass_option": "AzureServices",
            "network_rule_set": [],
            "public_network_access_enabled": true,
            "quarantine_policy_enabled": false,
            "resource_group_name": "rg1",
            "retention_policy": [
              {
                "days": 7,
                "enabled": false
              }
            ],
            "sku": "Standard",
            "tags": {},
            "timeouts": null,
            "trust_policy": [
              {
                "enabled": false
              }
            ],
            "zone_redundancy_enabled": false
          },
          "sensitive_attributes": [],
          "private": "eyJlMmJmYjczMC1lY2FhLTExZTYtOGY4OC0zNDM2M2JjN2M0YzAiOnsiY3JlYXRlIjoxODAwMDAwMDAwMDAwLCJkZWxldGUiOjE4MDAwMDAwMDAwMDAsInJlYWQiOjMwMDAwMDAwMDAwMCwidXBkYXRlIjoxODAwMDAwMDAwMDAwfSwic2NoZW1hX3ZlcnNpb24iOiIyIn0="
        }
      ]
    },
    {
      "mode": "managed",
      "type": "azurerm_linux_web_app",
      "name": "linux_webapp",
      "provider": "provider[\"registry.terraform.io/hashicorp/azurerm\"]",
      "instances": [
        {
          "schema_version": 0,
          "attributes": {
            "app_settings": {
              "DOCKER_REGISTRY_SERVER_PASSWORD": "/HrlbUuZ5smhc4JTIb6xPyuYLi+BT5LdvlB680h7XS+ACRAnSgsn",
              "DOCKER_REGISTRY_SERVER_USERNAME": "oguzhanaydogan"
            },
            "auth_settings": [
              {
                "active_directory": [],
                "additional_login_parameters": {},
                "allowed_external_redirect_urls": [],
                "default_provider": "",
                "enabled": false,
                "facebook": [],
                "github": [],
                "google": [],
                "issuer": "",
                "microsoft": [],
                "runtime_version": "",
                "token_refresh_extension_hours": 0,
                "token_store_enabled": false,
                "twitter": [],
                "unauthenticated_client_action": ""
              }
            ],
            "backup": [],
            "client_affinity_enabled": false,
            "client_certificate_enabled": false,
            "client_certificate_exclusion_paths": "",
            "client_certificate_mode": "Required",
            "connection_string": [],
            "custom_domain_verification_id": "9E78930416F127BDDBCA50CCFEF90C272933A7E0AA3981A18AB5E0D620966DE6",
            "default_hostname": "oguzhanaydogan-app.azurewebsites.net",
            "enabled": true,
            "https_only": false,
            "id": "/subscriptions/67882e92-6412-4fc5-b9ca-1030aa09d729/resourceGroups/rg1/providers/Microsoft.Web/sites/oguzhanaydogan-app",
            "identity": [],
            "key_vault_reference_identity_id": "SystemAssigned",
            "kind": "app,linux,container",
            "location": "eastus",
            "logs": [],
            "name": "oguzhanaydogan-app",
            "outbound_ip_address_list": [
              "52.226.254.224",
              "20.121.158.100",
              "20.237.37.251",
              "20.237.38.6",
              "20.237.38.23",
              "20.237.38.43",
              "20.119.8.32"
            ],
            "outbound_ip_addresses": "52.226.254.224,20.121.158.100,20.237.37.251,20.237.38.6,20.237.38.23,20.237.38.43,20.119.8.32",
            "possible_outbound_ip_address_list": [
              "52.226.254.224",
              "20.121.158.100",
              "20.237.37.251",
              "20.237.38.6",
              "20.237.38.23",
              "20.237.38.43",
              "20.237.38.90",
              "20.237.38.105",
              "20.237.38.195",
              "20.237.38.196",
              "20.237.38.246",
              "20.121.156.237",
              "20.237.39.91",
              "20.237.39.99",
              "52.226.255.134",
              "20.237.39.140",
              "20.237.39.148",
              "20.237.39.167",
              "20.237.39.169",
              "20.237.39.170",
              "20.237.39.176",
              "20.85.197.36",
              "20.85.197.168",
              "20.85.197.211",
              "20.119.8.32"
            ],
            "possible_outbound_ip_addresses": "52.226.254.224,20.121.158.100,20.237.37.251,20.237.38.6,20.237.38.23,20.237.38.43,20.237.38.90,20.237.38.105,20.237.38.195,20.237.38.196,20.237.38.246,20.121.156.237,20.237.39.91,20.237.39.99,52.226.255.134,20.237.39.140,20.237.39.148,20.237.39.167,20.237.39.169,20.237.39.170,20.237.39.176,20.85.197.36,20.85.197.168,20.85.197.211,20.119.8.32",
            "resource_group_name": "rg1",
            "service_plan_id": "/subscriptions/67882e92-6412-4fc5-b9ca-1030aa09d729/resourceGroups/rg1/providers/Microsoft.Web/serverfarms/oguzhanaydogan-sp",
            "site_config": [
              {
                "always_on": false,
                "api_definition_url": "",
                "api_management_api_id": "",
                "app_command_line": "",
                "application_stack": [
                  {
                    "docker_image": "tetris",
                    "docker_image_tag": "latest",
                    "dotnet_version": "",
                    "java_server": "",
                    "java_server_version": "",
                    "java_version": "",
                    "node_version": "",
                    "php_version": "",
                    "python_version": "",
                    "ruby_version": ""
                  }
                ],
                "auto_heal_enabled": false,
                "auto_heal_setting": [],
                "container_registry_managed_identity_client_id": "",
                "container_registry_use_managed_identity": false,
                "cors": [],
                "default_documents": [
                  "Default.htm",
                  "Default.html",
                  "Default.asp",
                  "index.htm",
                  "index.html",
                  "iisstart.htm",
                  "default.aspx",
                  "index.php",
                  "hostingstart.html"
                ],
                "detailed_error_logging_enabled": false,
                "ftps_state": "Disabled",
                "health_check_eviction_time_in_min": 0,
                "health_check_path": "",
                "http2_enabled": false,
                "ip_restriction": [],
                "linux_fx_version": "DOCKER|tetris:latest",
                "load_balancing_mode": "LeastRequests",
                "local_mysql_enabled": false,
                "managed_pipeline_mode": "Integrated",
                "minimum_tls_version": "1.2",
                "remote_debugging_enabled": false,
                "remote_debugging_version": "VS2019",
                "scm_ip_restriction": [],
                "scm_minimum_tls_version": "1.2",
                "scm_type": "None",
                "scm_use_main_ip_restriction": false,
                "use_32_bit_worker": true,
                "vnet_route_all_enabled": false,
                "websockets_enabled": false,
                "worker_count": 1
              }
            ],
            "site_credential": [
              {
                "name": "$oguzhanaydogan-app",
                "password": "QRzEM2m6uh4p5pHoCJd3bG0Cz5HaKFCEq355LW2Q6mvH1sYhl7KSxTilfQor"
              }
            ],
            "sticky_settings": [],
            "storage_account": [],
            "tags": {},
            "timeouts": null,
            "virtual_network_subnet_id": "",
            "zip_deploy_file": ""
          },
          "sensitive_attributes": [],
          "private": "eyJlMmJmYjczMC1lY2FhLTExZTYtOGY4OC0zNDM2M2JjN2M0YzAiOnsiY3JlYXRlIjoxODAwMDAwMDAwMDAwLCJkZWxldGUiOjE4MDAwMDAwMDAwMDAsInJlYWQiOjMwMDAwMDAwMDAwMCwidXBkYXRlIjoxODAwMDAwMDAwMDAwfX0=",
          "dependencies": [
            "azurerm_service_plan.service_plan"
          ]
        }
      ]
    },
    {
      "mode": "managed",
      "type": "azurerm_resource_group",
      "name": "resource_group",
      "provider": "provider[\"registry.terraform.io/hashicorp/azurerm\"]",
      "instances": [
        {
          "schema_version": 0,
          "attributes": {
            "id": "/subscriptions/67882e92-6412-4fc5-b9ca-1030aa09d729/resourceGroups/rg1",
            "location": "eastus",
            "name": "rg1",
            "tags": {},
            "timeouts": null
          },
          "sensitive_attributes": [],
          "private": "eyJlMmJmYjczMC1lY2FhLTExZTYtOGY4OC0zNDM2M2JjN2M0YzAiOnsiY3JlYXRlIjo1NDAwMDAwMDAwMDAwLCJkZWxldGUiOjU0MDAwMDAwMDAwMDAsInJlYWQiOjMwMDAwMDAwMDAwMCwidXBkYXRlIjo1NDAwMDAwMDAwMDAwfX0="
        }
      ]
    },
    {
      "mode": "managed",
      "type": "azurerm_service_plan",
      "name": "service_plan",
      "provider": "provider[\"registry.terraform.io/hashicorp/azurerm\"]",
      "instances": [
        {
          "schema_version": 0,
          "attributes": {
            "app_service_environment_id": "",
            "id": "/subscriptions/67882e92-6412-4fc5-b9ca-1030aa09d729/resourceGroups/rg1/providers/Microsoft.Web/serverfarms/oguzhanaydogan-sp",
            "kind": "linux",
            "location": "eastus",
            "maximum_elastic_worker_count": 1,
            "name": "oguzhanaydogan-sp",
            "os_type": "Linux",
            "per_site_scaling_enabled": false,
            "reserved": true,
            "resource_group_name": "rg1",
            "sku_name": "F1",
            "tags": {},
            "timeouts": null,
            "worker_count": 1,
            "zone_balancing_enabled": false
          },
          "sensitive_attributes": [],
          "private": "eyJlMmJmYjczMC1lY2FhLTExZTYtOGY4OC0zNDM2M2JjN2M0YzAiOnsiY3JlYXRlIjozNjAwMDAwMDAwMDAwLCJkZWxldGUiOjM2MDAwMDAwMDAwMDAsInJlYWQiOjMwMDAwMDAwMDAwMCwidXBkYXRlIjozNjAwMDAwMDAwMDAwfX0="
        }
      ]
    }
  ],
  "check_results": null
}
